
Microsoft Visual Studio Solution File, Format Version 12.00
# Visual Studio Version 16
VisualStudioVersion = 16.0.33214.272
MinimumVisualStudioVersion = 10.0.40219.1
Project("{FAE04EC0-301F-11D3-BF4B-00C04F79EFBC}") = "Resource.Server", "Resource.Server\Resource.Server.csproj", "{E3B61AD7-58F8-4005-86F5-C1748D129A24}"
EndProject
Project("{2150E333-8FDC-42A3-9474-1A3956D46DE8}") = "Included_Files", "Included_Files", "{6AC79DA2-E572-4C8A-B143-DDB1E1EF5915}"
	ProjectSection(SolutionItems) = preProject
		linker.cmd = linker.cmd
		onbuild.cmd = onbuild.cmd
		readme.txt = readme.txt
	EndProjectSection
EndProject
Project("{FAE04EC0-301F-11D3-BF4B-00C04F79EFBC}") = "Resource.Client", "Resource.Client\Resource.Client.csproj", "{5DC4E4CA-E747-4438-989B-66AA8B81F19F}"
EndProject
Project("{2150E333-8FDC-42A3-9474-1A3956D46DE8}") = "manifest", "manifest", "{EF51B11E-D7A6-4C64-A4ED-0FFDF6AC32B0}"
	ProjectSection(SolutionItems) = preProject
		Manifest\fxmanifest.lua = Manifest\fxmanifest.lua
	EndProjectSection
EndProject
Project("{2150E333-8FDC-42A3-9474-1A3956D46DE8}") = "nui", "nui", "{D027AE36-E433-4063-81D3-6CBE8793F361}"
	ProjectSection(SolutionItems) = preProject
		Nui\app.js = Nui\app.js
		Nui\index.html = Nui\index.html
		Nui\styles.css = Nui\styles.css
	EndProjectSection
EndProject
Project("{2150E333-8FDC-42A3-9474-1A3956D46DE8}") = "dependent", "dependent", "{D0FE2739-0278-4147-937F-84F984A473BA}"
	ProjectSection(SolutionItems) = preProject
		Nui\Dependent\messages.js = Nui\Dependent\messages.js
	EndProjectSection
EndProject
Global
	GlobalSection(SolutionConfigurationPlatforms) = preSolution
		Debug|Any CPU = Debug|Any CPU
		Release|Any CPU = Release|Any CPU
	EndGlobalSection
	GlobalSection(ProjectConfigurationPlatforms) = postSolution
		{E3B61AD7-58F8-4005-86F5-C1748D129A24}.Debug|Any CPU.ActiveCfg = Debug|Any CPU
		{E3B61AD7-58F8-4005-86F5-C1748D129A24}.Debug|Any CPU.Build.0 = Debug|Any CPU
		{E3B61AD7-58F8-4005-86F5-C1748D129A24}.Release|Any CPU.ActiveCfg = Release|Any CPU
		{E3B61AD7-58F8-4005-86F5-C1748D129A24}.Release|Any CPU.Build.0 = Release|Any CPU
		{5DC4E4CA-E747-4438-989B-66AA8B81F19F}.Debug|Any CPU.ActiveCfg = Debug|Any CPU
		{5DC4E4CA-E747-4438-989B-66AA8B81F19F}.Debug|Any CPU.Build.0 = Debug|Any CPU
		{5DC4E4CA-E747-4438-989B-66AA8B81F19F}.Release|Any CPU.ActiveCfg = Release|Any CPU
		{5DC4E4CA-E747-4438-989B-66AA8B81F19F}.Release|Any CPU.Build.0 = Release|Any CPU
	EndGlobalSection
	GlobalSection(SolutionProperties) = preSolution
		HideSolutionNode = FALSE
	EndGlobalSection
	GlobalSection(NestedProjects) = preSolution
		{EF51B11E-D7A6-4C64-A4ED-0FFDF6AC32B0} = {6AC79DA2-E572-4C8A-B143-DDB1E1EF5915}
		{D027AE36-E433-4063-81D3-6CBE8793F361} = {6AC79DA2-E572-4C8A-B143-DDB1E1EF5915}
		{D0FE2739-0278-4147-937F-84F984A473BA} = {D027AE36-E433-4063-81D3-6CBE8793F361}
	EndGlobalSection
	GlobalSection(ExtensibilityGlobals) = postSolution
		SolutionGuid = {021FB477-A504-46F2-A0F2-D422E20478D4}
	EndGlobalSection
EndGlobal
